// !$*UTF8*$!
{
	archiveVersion = 1;
	classes = {
	};
	objectVersion = 56;
	objects = {

/* Begin PBXBuildFile section */
		02220BC72B0A480100533A7F /* AppDelegate.swift in Sources */ = {isa = PBXBuildFile; fileRef = 02220BC62B0A480100533A7F /* AppDelegate.swift */; };
		02220BC92B0A480100533A7F /* SceneDelegate.swift in Sources */ = {isa = PBXBuildFile; fileRef = 02220BC82B0A480100533A7F /* SceneDelegate.swift */; };
		02220BCB2B0A480100533A7F /* ViewController.swift in Sources */ = {isa = PBXBuildFile; fileRef = 02220BCA2B0A480100533A7F /* ViewController.swift */; };
		02220BD02B0A480200533A7F /* Assets.xcassets in Resources */ = {isa = PBXBuildFile; fileRef = 02220BCF2B0A480200533A7F /* Assets.xcassets */; };
		02220BD32B0A480200533A7F /* LaunchScreen.storyboard in Resources */ = {isa = PBXBuildFile; fileRef = 02220BD12B0A480200533A7F /* LaunchScreen.storyboard */; };
		02220BDE2B0A480200533A7F /* LSLPTests.swift in Sources */ = {isa = PBXBuildFile; fileRef = 02220BDD2B0A480200533A7F /* LSLPTests.swift */; };
		02220BE82B0A480200533A7F /* LSLPUITests.swift in Sources */ = {isa = PBXBuildFile; fileRef = 02220BE72B0A480200533A7F /* LSLPUITests.swift */; };
		02220BEA2B0A480200533A7F /* LSLPUITestsLaunchTests.swift in Sources */ = {isa = PBXBuildFile; fileRef = 02220BE92B0A480200533A7F /* LSLPUITestsLaunchTests.swift */; };
		02220BF82B0A4A2F00533A7F /* Alamofire in Frameworks */ = {isa = PBXBuildFile; productRef = 02220BF72B0A4A2F00533A7F /* Alamofire */; };
		02220BFB2B0A4A4A00533A7F /* SnapKit in Frameworks */ = {isa = PBXBuildFile; productRef = 02220BFA2B0A4A4A00533A7F /* SnapKit */; };
		02220BFE2B0A4A9000533A7F /* RxCocoa in Frameworks */ = {isa = PBXBuildFile; productRef = 02220BFD2B0A4A9000533A7F /* RxCocoa */; };
		02220C002B0A4A9000533A7F /* RxRelay in Frameworks */ = {isa = PBXBuildFile; productRef = 02220BFF2B0A4A9000533A7F /* RxRelay */; };
		02220C022B0A4A9000533A7F /* RxSwift in Frameworks */ = {isa = PBXBuildFile; productRef = 02220C012B0A4A9000533A7F /* RxSwift */; };
		02220C052B0A4AAE00533A7F /* Differentiator in Frameworks */ = {isa = PBXBuildFile; productRef = 02220C042B0A4AAE00533A7F /* Differentiator */; };
		02220C072B0A4AAE00533A7F /* RxDataSources in Frameworks */ = {isa = PBXBuildFile; productRef = 02220C062B0A4AAE00533A7F /* RxDataSources */; };
		02220C0A2B0A4AF700533A7F /* Kingfisher in Frameworks */ = {isa = PBXBuildFile; productRef = 02220C092B0A4AF700533A7F /* Kingfisher */; };
		02220C0F2B0A4B5400533A7F /* APIModel.swift in Sources */ = {isa = PBXBuildFile; fileRef = 02220C0C2B0A4B5400533A7F /* APIModel.swift */; };
		02220C102B0A4B5400533A7F /* APIManager.swift in Sources */ = {isa = PBXBuildFile; fileRef = 02220C0D2B0A4B5400533A7F /* APIManager.swift */; };
		02220C112B0A4B5400533A7F /* API.swift in Sources */ = {isa = PBXBuildFile; fileRef = 02220C0E2B0A4B5400533A7F /* API.swift */; };
		02220C162B0A4B8000533A7F /* LoginViewController.swift in Sources */ = {isa = PBXBuildFile; fileRef = 02220C132B0A4B8000533A7F /* LoginViewController.swift */; };
		02220C172B0A4B8000533A7F /* GrayTextField.swift in Sources */ = {isa = PBXBuildFile; fileRef = 02220C142B0A4B8000533A7F /* GrayTextField.swift */; };
		02220C182B0A4B8000533A7F /* LoginView.swift in Sources */ = {isa = PBXBuildFile; fileRef = 02220C152B0A4B8000533A7F /* LoginView.swift */; };
		02220C1B2B0A90CF00533A7F /* CombineMoya in Frameworks */ = {isa = PBXBuildFile; productRef = 02220C1A2B0A90CF00533A7F /* CombineMoya */; };
		02220C1D2B0A90CF00533A7F /* Moya in Frameworks */ = {isa = PBXBuildFile; productRef = 02220C1C2B0A90CF00533A7F /* Moya */; };
		02220C1F2B0A90CF00533A7F /* ReactiveMoya in Frameworks */ = {isa = PBXBuildFile; productRef = 02220C1E2B0A90CF00533A7F /* ReactiveMoya */; };
		02220C212B0A90CF00533A7F /* RxMoya in Frameworks */ = {isa = PBXBuildFile; productRef = 02220C202B0A90CF00533A7F /* RxMoya */; };
		02220C232B0A912700533A7F /* .gitignore in Resources */ = {isa = PBXBuildFile; fileRef = 02220C222B0A912700533A7F /* .gitignore */; };
		02220C252B0A914C00533A7F /* SesacKey.swift in Sources */ = {isa = PBXBuildFile; fileRef = 02220C242B0A914C00533A7F /* SesacKey.swift */; };
		0237431E2B117F5C00128C7D /* BaseViewController.swift in Sources */ = {isa = PBXBuildFile; fileRef = 0237431A2B117F5C00128C7D /* BaseViewController.swift */; };
		0237431F2B117F5C00128C7D /* BaseTableViewCell.swift in Sources */ = {isa = PBXBuildFile; fileRef = 0237431B2B117F5C00128C7D /* BaseTableViewCell.swift */; };
		023743202B117F5C00128C7D /* BaseCollectionViewCell.swift in Sources */ = {isa = PBXBuildFile; fileRef = 0237431C2B117F5C00128C7D /* BaseCollectionViewCell.swift */; };
		023743212B117F5C00128C7D /* BseView.swift in Sources */ = {isa = PBXBuildFile; fileRef = 0237431D2B117F5C00128C7D /* BseView.swift */; };
		023743242B11953200128C7D /* KCC-Ganpan.otf in Resources */ = {isa = PBXBuildFile; fileRef = 023743232B11953200128C7D /* KCC-Ganpan.otf */; };
/* End PBXBuildFile section */

/* Begin PBXContainerItemProxy section */
		02220BDA2B0A480200533A7F /* PBXContainerItemProxy */ = {
			isa = PBXContainerItemProxy;
			containerPortal = 02220BBB2B0A480100533A7F /* Project object */;
			proxyType = 1;
			remoteGlobalIDString = 02220BC22B0A480100533A7F;
			remoteInfo = LSLP;
		};
		02220BE42B0A480200533A7F /* PBXContainerItemProxy */ = {
			isa = PBXContainerItemProxy;
			containerPortal = 02220BBB2B0A480100533A7F /* Project object */;
			proxyType = 1;
			remoteGlobalIDString = 02220BC22B0A480100533A7F;
			remoteInfo = LSLP;
		};
/* End PBXContainerItemProxy section */

/* Begin PBXFileReference section */
		02220BC32B0A480100533A7F /* LSLP.app */ = {isa = PBXFileReference; explicitFileType = wrapper.application; includeInIndex = 0; path = LSLP.app; sourceTree = BUILT_PRODUCTS_DIR; };
		02220BC62B0A480100533A7F /* AppDelegate.swift */ = {isa = PBXFileReference; lastKnownFileType = sourcecode.swift; path = AppDelegate.swift; sourceTree = "<group>"; };
		02220BC82B0A480100533A7F /* SceneDelegate.swift */ = {isa = PBXFileReference; lastKnownFileType = sourcecode.swift; path = SceneDelegate.swift; sourceTree = "<group>"; };
		02220BCA2B0A480100533A7F /* ViewController.swift */ = {isa = PBXFileReference; lastKnownFileType = sourcecode.swift; path = ViewController.swift; sourceTree = "<group>"; };
		02220BCF2B0A480200533A7F /* Assets.xcassets */ = {isa = PBXFileReference; lastKnownFileType = folder.assetcatalog; path = Assets.xcassets; sourceTree = "<group>"; };
		02220BD22B0A480200533A7F /* Base */ = {isa = PBXFileReference; lastKnownFileType = file.storyboard; name = Base; path = Base.lproj/LaunchScreen.storyboard; sourceTree = "<group>"; };
		02220BD42B0A480200533A7F /* Info.plist */ = {isa = PBXFileReference; lastKnownFileType = text.plist.xml; path = Info.plist; sourceTree = "<group>"; };
		02220BD92B0A480200533A7F /* LSLPTests.xctest */ = {isa = PBXFileReference; explicitFileType = wrapper.cfbundle; includeInIndex = 0; path = LSLPTests.xctest; sourceTree = BUILT_PRODUCTS_DIR; };
		02220BDD2B0A480200533A7F /* LSLPTests.swift */ = {isa = PBXFileReference; lastKnownFileType = sourcecode.swift; path = LSLPTests.swift; sourceTree = "<group>"; };
		02220BE32B0A480200533A7F /* LSLPUITests.xctest */ = {isa = PBXFileReference; explicitFileType = wrapper.cfbundle; includeInIndex = 0; path = LSLPUITests.xctest; sourceTree = BUILT_PRODUCTS_DIR; };
		02220BE72B0A480200533A7F /* LSLPUITests.swift */ = {isa = PBXFileReference; lastKnownFileType = sourcecode.swift; path = LSLPUITests.swift; sourceTree = "<group>"; };
		02220BE92B0A480200533A7F /* LSLPUITestsLaunchTests.swift */ = {isa = PBXFileReference; lastKnownFileType = sourcecode.swift; path = LSLPUITestsLaunchTests.swift; sourceTree = "<group>"; };
		02220C0C2B0A4B5400533A7F /* APIModel.swift */ = {isa = PBXFileReference; fileEncoding = 4; lastKnownFileType = sourcecode.swift; path = APIModel.swift; sourceTree = "<group>"; };
		02220C0D2B0A4B5400533A7F /* APIManager.swift */ = {isa = PBXFileReference; fileEncoding = 4; lastKnownFileType = sourcecode.swift; path = APIManager.swift; sourceTree = "<group>"; };
		02220C0E2B0A4B5400533A7F /* API.swift */ = {isa = PBXFileReference; fileEncoding = 4; lastKnownFileType = sourcecode.swift; path = API.swift; sourceTree = "<group>"; };
		02220C132B0A4B8000533A7F /* LoginViewController.swift */ = {isa = PBXFileReference; fileEncoding = 4; lastKnownFileType = sourcecode.swift; path = LoginViewController.swift; sourceTree = "<group>"; };
		02220C142B0A4B8000533A7F /* GrayTextField.swift */ = {isa = PBXFileReference; fileEncoding = 4; lastKnownFileType = sourcecode.swift; path = GrayTextField.swift; sourceTree = "<group>"; };
		02220C152B0A4B8000533A7F /* LoginView.swift */ = {isa = PBXFileReference; fileEncoding = 4; lastKnownFileType = sourcecode.swift; path = LoginView.swift; sourceTree = "<group>"; };
		02220C222B0A912700533A7F /* .gitignore */ = {isa = PBXFileReference; lastKnownFileType = text; path = .gitignore; sourceTree = "<group>"; };
		02220C242B0A914C00533A7F /* SesacKey.swift */ = {isa = PBXFileReference; lastKnownFileType = sourcecode.swift; path = SesacKey.swift; sourceTree = "<group>"; };
		0237431A2B117F5C00128C7D /* BaseViewController.swift */ = {isa = PBXFileReference; fileEncoding = 4; lastKnownFileType = sourcecode.swift; path = BaseViewController.swift; sourceTree = "<group>"; };
		0237431B2B117F5C00128C7D /* BaseTableViewCell.swift */ = {isa = PBXFileReference; fileEncoding = 4; lastKnownFileType = sourcecode.swift; path = BaseTableViewCell.swift; sourceTree = "<group>"; };
		0237431C2B117F5C00128C7D /* BaseCollectionViewCell.swift */ = {isa = PBXFileReference; fileEncoding = 4; lastKnownFileType = sourcecode.swift; path = BaseCollectionViewCell.swift; sourceTree = "<group>"; };
		0237431D2B117F5C00128C7D /* BseView.swift */ = {isa = PBXFileReference; fileEncoding = 4; lastKnownFileType = sourcecode.swift; path = BseView.swift; sourceTree = "<group>"; };
		023743232B11953200128C7D /* KCC-Ganpan.otf */ = {isa = PBXFileReference; lastKnownFileType = file; path = "KCC-Ganpan.otf"; sourceTree = "<group>"; };
/* End PBXFileReference section */

/* Begin PBXFrameworksBuildPhase section */
		02220BC02B0A480100533A7F /* Frameworks */ = {
			isa = PBXFrameworksBuildPhase;
			buildActionMask = 2147483647;
			files = (
				02220BFE2B0A4A9000533A7F /* RxCocoa in Frameworks */,
				02220BF82B0A4A2F00533A7F /* Alamofire in Frameworks */,
				02220C1B2B0A90CF00533A7F /* CombineMoya in Frameworks */,
				02220C022B0A4A9000533A7F /* RxSwift in Frameworks */,
				02220C002B0A4A9000533A7F /* RxRelay in Frameworks */,
				02220C0A2B0A4AF700533A7F /* Kingfisher in Frameworks */,
				02220C212B0A90CF00533A7F /* RxMoya in Frameworks */,
				02220C072B0A4AAE00533A7F /* RxDataSources in Frameworks */,
				02220C052B0A4AAE00533A7F /* Differentiator in Frameworks */,
				02220C1D2B0A90CF00533A7F /* Moya in Frameworks */,
				02220BFB2B0A4A4A00533A7F /* SnapKit in Frameworks */,
				02220C1F2B0A90CF00533A7F /* ReactiveMoya in Frameworks */,
			);
			runOnlyForDeploymentPostprocessing = 0;
		};
		02220BD62B0A480200533A7F /* Frameworks */ = {
			isa = PBXFrameworksBuildPhase;
			buildActionMask = 2147483647;
			files = (
			);
			runOnlyForDeploymentPostprocessing = 0;
		};
		02220BE02B0A480200533A7F /* Frameworks */ = {
			isa = PBXFrameworksBuildPhase;
			buildActionMask = 2147483647;
			files = (
			);
			runOnlyForDeploymentPostprocessing = 0;
		};
/* End PBXFrameworksBuildPhase section */

/* Begin PBXGroup section */
		02220BBA2B0A480100533A7F = {
			isa = PBXGroup;
			children = (
				02220BC52B0A480100533A7F /* LSLP */,
				02220BDC2B0A480200533A7F /* LSLPTests */,
				02220BE62B0A480200533A7F /* LSLPUITests */,
				02220BC42B0A480100533A7F /* Products */,
			);
			sourceTree = "<group>";
		};
		02220BC42B0A480100533A7F /* Products */ = {
			isa = PBXGroup;
			children = (
				02220BC32B0A480100533A7F /* LSLP.app */,
				02220BD92B0A480200533A7F /* LSLPTests.xctest */,
				02220BE32B0A480200533A7F /* LSLPUITests.xctest */,
			);
			name = Products;
			sourceTree = "<group>";
		};
		02220BC52B0A480100533A7F /* LSLP */ = {
			isa = PBXGroup;
			children = (
				02220BC62B0A480100533A7F /* AppDelegate.swift */,
				02220BC82B0A480100533A7F /* SceneDelegate.swift */,
				02220BCA2B0A480100533A7F /* ViewController.swift */,
				023743192B117F5C00128C7D /* Base */,
				02220C122B0A4B8000533A7F /* Login */,
				02220C0B2B0A4B5400533A7F /* API */,
				023743222B11951000128C7D /* Font */,
				02220BCF2B0A480200533A7F /* Assets.xcassets */,
				02220BD12B0A480200533A7F /* LaunchScreen.storyboard */,
				02220BD42B0A480200533A7F /* Info.plist */,
			);
			path = LSLP;
			sourceTree = "<group>";
		};
		02220BDC2B0A480200533A7F /* LSLPTests */ = {
			isa = PBXGroup;
			children = (
				02220BDD2B0A480200533A7F /* LSLPTests.swift */,
			);
			path = LSLPTests;
			sourceTree = "<group>";
		};
		02220BE62B0A480200533A7F /* LSLPUITests */ = {
			isa = PBXGroup;
			children = (
				02220BE72B0A480200533A7F /* LSLPUITests.swift */,
				02220BE92B0A480200533A7F /* LSLPUITestsLaunchTests.swift */,
			);
			path = LSLPUITests;
			sourceTree = "<group>";
		};
		02220C0B2B0A4B5400533A7F /* API */ = {
			isa = PBXGroup;
			children = (
				02220C0C2B0A4B5400533A7F /* APIModel.swift */,
				02220C0D2B0A4B5400533A7F /* APIManager.swift */,
				02220C0E2B0A4B5400533A7F /* API.swift */,
				02220C242B0A914C00533A7F /* SesacKey.swift */,
				02220C222B0A912700533A7F /* .gitignore */,
			);
			path = API;
			sourceTree = "<group>";
		};
		02220C122B0A4B8000533A7F /* Login */ = {
			isa = PBXGroup;
			children = (
				02220C132B0A4B8000533A7F /* LoginViewController.swift */,
				02220C152B0A4B8000533A7F /* LoginView.swift */,
				02220C142B0A4B8000533A7F /* GrayTextField.swift */,
			);
			path = Login;
			sourceTree = "<group>";
		};
		023743192B117F5C00128C7D /* Base */ = {
			isa = PBXGroup;
			children = (
				0237431A2B117F5C00128C7D /* BaseViewController.swift */,
				0237431B2B117F5C00128C7D /* BaseTableViewCell.swift */,
				0237431C2B117F5C00128C7D /* BaseCollectionViewCell.swift */,
				0237431D2B117F5C00128C7D /* BseView.swift */,
			);
			path = Base;
			sourceTree = "<group>";
		};
		023743222B11951000128C7D /* Font */ = {
			isa = PBXGroup;
			children = (
				023743232B11953200128C7D /* KCC-Ganpan.otf */,
			);
			path = Font;
			sourceTree = "<group>";
		};
/* End PBXGroup section */

/* Begin PBXNativeTarget section */
		02220BC22B0A480100533A7F /* LSLP */ = {
			isa = PBXNativeTarget;
			buildConfigurationList = 02220BED2B0A480200533A7F /* Build configuration list for PBXNativeTarget "LSLP" */;
			buildPhases = (
				02220BBF2B0A480100533A7F /* Sources */,
				02220BC02B0A480100533A7F /* Frameworks */,
				02220BC12B0A480100533A7F /* Resources */,
			);
			buildRules = (
			);
			dependencies = (
			);
			name = LSLP;
			packageProductDependencies = (
				02220BF72B0A4A2F00533A7F /* Alamofire */,
				02220BFA2B0A4A4A00533A7F /* SnapKit */,
				02220BFD2B0A4A9000533A7F /* RxCocoa */,
				02220BFF2B0A4A9000533A7F /* RxRelay */,
				02220C012B0A4A9000533A7F /* RxSwift */,
				02220C042B0A4AAE00533A7F /* Differentiator */,
				02220C062B0A4AAE00533A7F /* RxDataSources */,
				02220C092B0A4AF700533A7F /* Kingfisher */,
				02220C1A2B0A90CF00533A7F /* CombineMoya */,
				02220C1C2B0A90CF00533A7F /* Moya */,
				02220C1E2B0A90CF00533A7F /* ReactiveMoya */,
				02220C202B0A90CF00533A7F /* RxMoya */,
			);
			productName = LSLP;
			productReference = 02220BC32B0A480100533A7F /* LSLP.app */;
			productType = "com.apple.product-type.application";
		};
		02220BD82B0A480200533A7F /* LSLPTests */ = {
			isa = PBXNativeTarget;
			buildConfigurationList = 02220BF02B0A480200533A7F /* Build configuration list for PBXNativeTarget "LSLPTests" */;
			buildPhases = (
				02220BD52B0A480200533A7F /* Sources */,
				02220BD62B0A480200533A7F /* Frameworks */,
				02220BD72B0A480200533A7F /* Resources */,
			);
			buildRules = (
			);
			dependencies = (
				02220BDB2B0A480200533A7F /* PBXTargetDependency */,
			);
			name = LSLPTests;
			productName = LSLPTests;
			productReference = 02220BD92B0A480200533A7F /* LSLPTests.xctest */;
			productType = "com.apple.product-type.bundle.unit-test";
		};
		02220BE22B0A480200533A7F /* LSLPUITests */ = {
			isa = PBXNativeTarget;
			buildConfigurationList = 02220BF32B0A480200533A7F /* Build configuration list for PBXNativeTarget "LSLPUITests" */;
			buildPhases = (
				02220BDF2B0A480200533A7F /* Sources */,
				02220BE02B0A480200533A7F /* Frameworks */,
				02220BE12B0A480200533A7F /* Resources */,
			);
			buildRules = (
			);
			dependencies = (
				02220BE52B0A480200533A7F /* PBXTargetDependency */,
			);
			name = LSLPUITests;
			productName = LSLPUITests;
			productReference = 02220BE32B0A480200533A7F /* LSLPUITests.xctest */;
			productType = "com.apple.product-type.bundle.ui-testing";
		};
/* End PBXNativeTarget section */

/* Begin PBXProject section */
		02220BBB2B0A480100533A7F /* Project object */ = {
			isa = PBXProject;
			attributes = {
				BuildIndependentTargetsInParallel = 1;
				LastSwiftUpdateCheck = 1500;
				LastUpgradeCheck = 1500;
				TargetAttributes = {
					02220BC22B0A480100533A7F = {
						CreatedOnToolsVersion = 15.0.1;
					};
					02220BD82B0A480200533A7F = {
						CreatedOnToolsVersion = 15.0.1;
						TestTargetID = 02220BC22B0A480100533A7F;
					};
					02220BE22B0A480200533A7F = {
						CreatedOnToolsVersion = 15.0.1;
						TestTargetID = 02220BC22B0A480100533A7F;
					};
				};
			};
			buildConfigurationList = 02220BBE2B0A480100533A7F /* Build configuration list for PBXProject "LSLP" */;
			compatibilityVersion = "Xcode 14.0";
			developmentRegion = en;
			hasScannedForEncodings = 0;
			knownRegions = (
				en,
				Base,
			);
			mainGroup = 02220BBA2B0A480100533A7F;
			packageReferences = (
				02220BF62B0A4A2F00533A7F /* XCRemoteSwiftPackageReference "Alamofire" */,
				02220BF92B0A4A4A00533A7F /* XCRemoteSwiftPackageReference "SnapKit" */,
				02220BFC2B0A4A9000533A7F /* XCRemoteSwiftPackageReference "RxSwift" */,
				02220C032B0A4AAE00533A7F /* XCRemoteSwiftPackageReference "RxDataSources" */,
				02220C082B0A4AF700533A7F /* XCRemoteSwiftPackageReference "Kingfisher" */,
				02220C192B0A90CF00533A7F /* XCRemoteSwiftPackageReference "Moya" */,
			);
			productRefGroup = 02220BC42B0A480100533A7F /* Products */;
			projectDirPath = "";
			projectRoot = "";
			targets = (
				02220BC22B0A480100533A7F /* LSLP */,
				02220BD82B0A480200533A7F /* LSLPTests */,
				02220BE22B0A480200533A7F /* LSLPUITests */,
			);
		};
/* End PBXProject section */

/* Begin PBXResourcesBuildPhase section */
		02220BC12B0A480100533A7F /* Resources */ = {
			isa = PBXResourcesBuildPhase;
			buildActionMask = 2147483647;
			files = (
				023743242B11953200128C7D /* KCC-Ganpan.otf in Resources */,
				02220BD32B0A480200533A7F /* LaunchScreen.storyboard in Resources */,
				02220C232B0A912700533A7F /* .gitignore in Resources */,
				02220BD02B0A480200533A7F /* Assets.xcassets in Resources */,
			);
			runOnlyForDeploymentPostprocessing = 0;
		};
		02220BD72B0A480200533A7F /* Resources */ = {
			isa = PBXResourcesBuildPhase;
			buildActionMask = 2147483647;
			files = (
			);
			runOnlyForDeploymentPostprocessing = 0;
		};
		02220BE12B0A480200533A7F /* Resources */ = {
			isa = PBXResourcesBuildPhase;
			buildActionMask = 2147483647;
			files = (
			);
			runOnlyForDeploymentPostprocessing = 0;
		};
/* End PBXResourcesBuildPhase section */

/* Begin PBXSourcesBuildPhase section */
		02220BBF2B0A480100533A7F /* Sources */ = {
			isa = PBXSourcesBuildPhase;
			buildActionMask = 2147483647;
			files = (
				02220C0F2B0A4B5400533A7F /* APIModel.swift in Sources */,
				02220BCB2B0A480100533A7F /* ViewController.swift in Sources */,
				0237431E2B117F5C00128C7D /* BaseViewController.swift in Sources */,
				02220C172B0A4B8000533A7F /* GrayTextField.swift in Sources */,
				0237431F2B117F5C00128C7D /* BaseTableViewCell.swift in Sources */,
				02220C182B0A4B8000533A7F /* LoginView.swift in Sources */,
				02220C162B0A4B8000533A7F /* LoginViewController.swift in Sources */,
				02220C102B0A4B5400533A7F /* APIManager.swift in Sources */,
				02220BC72B0A480100533A7F /* AppDelegate.swift in Sources */,
				02220C252B0A914C00533A7F /* SesacKey.swift in Sources */,
				02220C112B0A4B5400533A7F /* API.swift in Sources */,
				023743212B117F5C00128C7D /* BseView.swift in Sources */,
				023743202B117F5C00128C7D /* BaseCollectionViewCell.swift in Sources */,
				02220BC92B0A480100533A7F /* SceneDelegate.swift in Sources */,
			);
			runOnlyForDeploymentPostprocessing = 0;
		};
		02220BD52B0A480200533A7F /* Sources */ = {
			isa = PBXSourcesBuildPhase;
			buildActionMask = 2147483647;
			files = (
				02220BDE2B0A480200533A7F /* LSLPTests.swift in Sources */,
			);
			runOnlyForDeploymentPostprocessing = 0;
		};
		02220BDF2B0A480200533A7F /* Sources */ = {
			isa = PBXSourcesBuildPhase;
			buildActionMask = 2147483647;
			files = (
				02220BE82B0A480200533A7F /* LSLPUITests.swift in Sources */,
				02220BEA2B0A480200533A7F /* LSLPUITestsLaunchTests.swift in Sources */,
			);
			runOnlyForDeploymentPostprocessing = 0;
		};
/* End PBXSourcesBuildPhase section */

/* Begin PBXTargetDependency section */
		02220BDB2B0A480200533A7F /* PBXTargetDependency */ = {
			isa = PBXTargetDependency;
			target = 02220BC22B0A480100533A7F /* LSLP */;
			targetProxy = 02220BDA2B0A480200533A7F /* PBXContainerItemProxy */;
		};
		02220BE52B0A480200533A7F /* PBXTargetDependency */ = {
			isa = PBXTargetDependency;
			target = 02220BC22B0A480100533A7F /* LSLP */;
			targetProxy = 02220BE42B0A480200533A7F /* PBXContainerItemProxy */;
		};
/* End PBXTargetDependency section */

/* Begin PBXVariantGroup section */
		02220BD12B0A480200533A7F /* LaunchScreen.storyboard */ = {
			isa = PBXVariantGroup;
			children = (
				02220BD22B0A480200533A7F /* Base */,
			);
			name = LaunchScreen.storyboard;
			sourceTree = "<group>";
		};
/* End PBXVariantGroup section */

/* Begin XCBuildConfiguration section */
		02220BEB2B0A480200533A7F /* Debug */ = {
			isa = XCBuildConfiguration;
			buildSettings = {
				ALWAYS_SEARCH_USER_PATHS = NO;
				ASSETCATALOG_COMPILER_GENERATE_SWIFT_ASSET_SYMBOL_EXTENSIONS = YES;
				CLANG_ANALYZER_NONNULL = YES;
				CLANG_ANALYZER_NUMBER_OBJECT_CONVERSION = YES_AGGRESSIVE;
				CLANG_CXX_LANGUAGE_STANDARD = "gnu++20";
				CLANG_ENABLE_MODULES = YES;
				CLANG_ENABLE_OBJC_ARC = YES;
				CLANG_ENABLE_OBJC_WEAK = YES;
				CLANG_WARN_BLOCK_CAPTURE_AUTORELEASING = YES;
				CLANG_WARN_BOOL_CONVERSION = YES;
				CLANG_WARN_COMMA = YES;
				CLANG_WARN_CONSTANT_CONVERSION = YES;
				CLANG_WARN_DEPRECATED_OBJC_IMPLEMENTATIONS = YES;
				CLANG_WARN_DIRECT_OBJC_ISA_USAGE = YES_ERROR;
				CLANG_WARN_DOCUMENTATION_COMMENTS = YES;
				CLANG_WARN_EMPTY_BODY = YES;
				CLANG_WARN_ENUM_CONVERSION = YES;
				CLANG_WARN_INFINITE_RECURSION = YES;
				CLANG_WARN_INT_CONVERSION = YES;
				CLANG_WARN_NON_LITERAL_NULL_CONVERSION = YES;
				CLANG_WARN_OBJC_IMPLICIT_RETAIN_SELF = YES;
				CLANG_WARN_OBJC_LITERAL_CONVERSION = YES;
				CLANG_WARN_OBJC_ROOT_CLASS = YES_ERROR;
				CLANG_WARN_QUOTED_INCLUDE_IN_FRAMEWORK_HEADER = YES;
				CLANG_WARN_RANGE_LOOP_ANALYSIS = YES;
				CLANG_WARN_STRICT_PROTOTYPES = YES;
				CLANG_WARN_SUSPICIOUS_MOVE = YES;
				CLANG_WARN_UNGUARDED_AVAILABILITY = YES_AGGRESSIVE;
				CLANG_WARN_UNREACHABLE_CODE = YES;
				CLANG_WARN__DUPLICATE_METHOD_MATCH = YES;
				COPY_PHASE_STRIP = NO;
				DEBUG_INFORMATION_FORMAT = dwarf;
				ENABLE_STRICT_OBJC_MSGSEND = YES;
				ENABLE_TESTABILITY = YES;
				ENABLE_USER_SCRIPT_SANDBOXING = YES;
				GCC_C_LANGUAGE_STANDARD = gnu17;
				GCC_DYNAMIC_NO_PIC = NO;
				GCC_NO_COMMON_BLOCKS = YES;
				GCC_OPTIMIZATION_LEVEL = 0;
				GCC_PREPROCESSOR_DEFINITIONS = (
					"DEBUG=1",
					"$(inherited)",
				);
				GCC_WARN_64_TO_32_BIT_CONVERSION = YES;
				GCC_WARN_ABOUT_RETURN_TYPE = YES_ERROR;
				GCC_WARN_UNDECLARED_SELECTOR = YES;
				GCC_WARN_UNINITIALIZED_AUTOS = YES_AGGRESSIVE;
				GCC_WARN_UNUSED_FUNCTION = YES;
				GCC_WARN_UNUSED_VARIABLE = YES;
				IPHONEOS_DEPLOYMENT_TARGET = 17.0;
				LOCALIZATION_PREFERS_STRING_CATALOGS = YES;
				MTL_ENABLE_DEBUG_INFO = INCLUDE_SOURCE;
				MTL_FAST_MATH = YES;
				ONLY_ACTIVE_ARCH = YES;
				SDKROOT = iphoneos;
				SWIFT_ACTIVE_COMPILATION_CONDITIONS = "DEBUG $(inherited)";
				SWIFT_OPTIMIZATION_LEVEL = "-Onone";
			};
			name = Debug;
		};
		02220BEC2B0A480200533A7F /* Release */ = {
			isa = XCBuildConfiguration;
			buildSettings = {
				ALWAYS_SEARCH_USER_PATHS = NO;
				ASSETCATALOG_COMPILER_GENERATE_SWIFT_ASSET_SYMBOL_EXTENSIONS = YES;
				CLANG_ANALYZER_NONNULL = YES;
				CLANG_ANALYZER_NUMBER_OBJECT_CONVERSION = YES_AGGRESSIVE;
				CLANG_CXX_LANGUAGE_STANDARD = "gnu++20";
				CLANG_ENABLE_MODULES = YES;
				CLANG_ENABLE_OBJC_ARC = YES;
				CLANG_ENABLE_OBJC_WEAK = YES;
				CLANG_WARN_BLOCK_CAPTURE_AUTORELEASING = YES;
				CLANG_WARN_BOOL_CONVERSION = YES;
				CLANG_WARN_COMMA = YES;
				CLANG_WARN_CONSTANT_CONVERSION = YES;
				CLANG_WARN_DEPRECATED_OBJC_IMPLEMENTATIONS = YES;
				CLANG_WARN_DIRECT_OBJC_ISA_USAGE = YES_ERROR;
				CLANG_WARN_DOCUMENTATION_COMMENTS = YES;
				CLANG_WARN_EMPTY_BODY = YES;
				CLANG_WARN_ENUM_CONVERSION = YES;
				CLANG_WARN_INFINITE_RECURSION = YES;
				CLANG_WARN_INT_CONVERSION = YES;
				CLANG_WARN_NON_LITERAL_NULL_CONVERSION = YES;
				CLANG_WARN_OBJC_IMPLICIT_RETAIN_SELF = YES;
				CLANG_WARN_OBJC_LITERAL_CONVERSION = YES;
				CLANG_WARN_OBJC_ROOT_CLASS = YES_ERROR;
				CLANG_WARN_QUOTED_INCLUDE_IN_FRAMEWORK_HEADER = YES;
				CLANG_WARN_RANGE_LOOP_ANALYSIS = YES;
				CLANG_WARN_STRICT_PROTOTYPES = YES;
				CLANG_WARN_SUSPICIOUS_MOVE = YES;
				CLANG_WARN_UNGUARDED_AVAILABILITY = YES_AGGRESSIVE;
				CLANG_WARN_UNREACHABLE_CODE = YES;
				CLANG_WARN__DUPLICATE_METHOD_MATCH = YES;
				COPY_PHASE_STRIP = NO;
				DEBUG_INFORMATION_FORMAT = "dwarf-with-dsym";
				ENABLE_NS_ASSERTIONS = NO;
				ENABLE_STRICT_OBJC_MSGSEND = YES;
				ENABLE_USER_SCRIPT_SANDBOXING = YES;
				GCC_C_LANGUAGE_STANDARD = gnu17;
				GCC_NO_COMMON_BLOCKS = YES;
				GCC_WARN_64_TO_32_BIT_CONVERSION = YES;
				GCC_WARN_ABOUT_RETURN_TYPE = YES_ERROR;
				GCC_WARN_UNDECLARED_SELECTOR = YES;
				GCC_WARN_UNINITIALIZED_AUTOS = YES_AGGRESSIVE;
				GCC_WARN_UNUSED_FUNCTION = YES;
				GCC_WARN_UNUSED_VARIABLE = YES;
				IPHONEOS_DEPLOYMENT_TARGET = 17.0;
				LOCALIZATION_PREFERS_STRING_CATALOGS = YES;
				MTL_ENABLE_DEBUG_INFO = NO;
				MTL_FAST_MATH = YES;
				SDKROOT = iphoneos;
				SWIFT_COMPILATION_MODE = wholemodule;
				VALIDATE_PRODUCT = YES;
			};
			name = Release;
		};
		02220BEE2B0A480200533A7F /* Debug */ = {
			isa = XCBuildConfiguration;
			buildSettings = {
				ASSETCATALOG_COMPILER_APPICON_NAME = AppIcon;
				ASSETCATALOG_COMPILER_GLOBAL_ACCENT_COLOR_NAME = AccentColor;
				CODE_SIGN_STYLE = Automatic;
				CURRENT_PROJECT_VERSION = 1;
				DEVELOPMENT_TEAM = DBXHWJCYZK;
				GENERATE_INFOPLIST_FILE = YES;
				INFOPLIST_FILE = LSLP/Info.plist;
				INFOPLIST_KEY_UIApplicationSupportsIndirectInputEvents = YES;
				INFOPLIST_KEY_UILaunchStoryboardName = LaunchScreen;
				INFOPLIST_KEY_UISupportedInterfaceOrientations = UIInterfaceOrientationPortrait;
				INFOPLIST_KEY_UISupportedInterfaceOrientations_iPad = "UIInterfaceOrientationLandscapeLeft UIInterfaceOrientationLandscapeRight UIInterfaceOrientationPortrait UIInterfaceOrientationPortraitUpsideDown";
				IPHONEOS_DEPLOYMENT_TARGET = 15.0;
				LD_RUNPATH_SEARCH_PATHS = (
					"$(inherited)",
					"@executable_path/Frameworks",
				);
				MARKETING_VERSION = 1.0;
				PRODUCT_BUNDLE_IDENTIFIER = com.lavender.sesac.LSLP;
				PRODUCT_NAME = "$(TARGET_NAME)";
				SUPPORTED_PLATFORMS = "iphoneos iphonesimulator";
				SUPPORTS_MACCATALYST = NO;
				SUPPORTS_MAC_DESIGNED_FOR_IPHONE_IPAD = NO;
				SWIFT_EMIT_LOC_STRINGS = YES;
				SWIFT_VERSION = 5.0;
				TARGETED_DEVICE_FAMILY = 1;
			};
			name = Debug;
		};
		02220BEF2B0A480200533A7F /* Release */ = {
			isa = XCBuildConfiguration;
			buildSettings = {
				ASSETCATALOG_COMPILER_APPICON_NAME = AppIcon;
				ASSETCATALOG_COMPILER_GLOBAL_ACCENT_COLOR_NAME = AccentColor;
				CODE_SIGN_STYLE = Automatic;
				CURRENT_PROJECT_VERSION = 1;
				DEVELOPMENT_TEAM = DBXHWJCYZK;
				GENERATE_INFOPLIST_FILE = YES;
				INFOPLIST_FILE = LSLP/Info.plist;
				INFOPLIST_KEY_UIApplicationSupportsIndirectInputEvents = YES;
				INFOPLIST_KEY_UILaunchStoryboardName = LaunchScreen;
				INFOPLIST_KEY_UISupportedInterfaceOrientations = UIInterfaceOrientationPortrait;
				INFOPLIST_KEY_UISupportedInterfaceOrientations_iPad = "UIInterfaceOrientationLandscapeLeft UIInterfaceOrientationLandscapeRight UIInterfaceOrientationPortrait UIInterfaceOrientationPortraitUpsideDown";
				IPHONEOS_DEPLOYMENT_TARGET = 15.0;
				LD_RUNPATH_SEARCH_PATHS = (
					"$(inherited)",
					"@executable_path/Frameworks",
				);
				MARKETING_VERSION = 1.0;
				PRODUCT_BUNDLE_IDENTIFIER = com.lavender.sesac.LSLP;
				PRODUCT_NAME = "$(TARGET_NAME)";
				SUPPORTED_PLATFORMS = "iphoneos iphonesimulator";
				SUPPORTS_MACCATALYST = NO;
				SUPPORTS_MAC_DESIGNED_FOR_IPHONE_IPAD = NO;
				SWIFT_EMIT_LOC_STRINGS = YES;
				SWIFT_VERSION = 5.0;
				TARGETED_DEVICE_FAMILY = 1;
			};
			name = Release;
		};
		02220BF12B0A480200533A7F /* Debug */ = {
			isa = XCBuildConfiguration;
			buildSettings = {
				ALWAYS_EMBED_SWIFT_STANDARD_LIBRARIES = YES;
				BUNDLE_LOADER = "$(TEST_HOST)";
				CODE_SIGN_STYLE = Automatic;
				CURRENT_PROJECT_VERSION = 1;
				DEVELOPMENT_TEAM = DBXHWJCYZK;
				GENERATE_INFOPLIST_FILE = YES;
				IPHONEOS_DEPLOYMENT_TARGET = 17.0;
				MARKETING_VERSION = 1.0;
				PRODUCT_BUNDLE_IDENTIFIER = com.lavender.sesac.LSLPTests;
				PRODUCT_NAME = "$(TARGET_NAME)";
				SWIFT_EMIT_LOC_STRINGS = NO;
				SWIFT_VERSION = 5.0;
				TARGETED_DEVICE_FAMILY = "1,2";
				TEST_HOST = "$(BUILT_PRODUCTS_DIR)/LSLP.app/$(BUNDLE_EXECUTABLE_FOLDER_PATH)/LSLP";
			};
			name = Debug;
		};
		02220BF22B0A480200533A7F /* Release */ = {
			isa = XCBuildConfiguration;
			buildSettings = {
				ALWAYS_EMBED_SWIFT_STANDARD_LIBRARIES = YES;
				BUNDLE_LOADER = "$(TEST_HOST)";
				CODE_SIGN_STYLE = Automatic;
				CURRENT_PROJECT_VERSION = 1;
				DEVELOPMENT_TEAM = DBXHWJCYZK;
				GENERATE_INFOPLIST_FILE = YES;
				IPHONEOS_DEPLOYMENT_TARGET = 17.0;
				MARKETING_VERSION = 1.0;
				PRODUCT_BUNDLE_IDENTIFIER = com.lavender.sesac.LSLPTests;
				PRODUCT_NAME = "$(TARGET_NAME)";
				SWIFT_EMIT_LOC_STRINGS = NO;
				SWIFT_VERSION = 5.0;
				TARGETED_DEVICE_FAMILY = "1,2";
				TEST_HOST = "$(BUILT_PRODUCTS_DIR)/LSLP.app/$(BUNDLE_EXECUTABLE_FOLDER_PATH)/LSLP";
			};
			name = Release;
		};
		02220BF42B0A480200533A7F /* Debug */ = {
			isa = XCBuildConfiguration;
			buildSettings = {
				ALWAYS_EMBED_SWIFT_STANDARD_LIBRARIES = YES;
				CODE_SIGN_STYLE = Automatic;
				CURRENT_PROJECT_VERSION = 1;
				DEVELOPMENT_TEAM = DBXHWJCYZK;
				GENERATE_INFOPLIST_FILE = YES;
				MARKETING_VERSION = 1.0;
				PRODUCT_BUNDLE_IDENTIFIER = com.lavender.sesac.LSLPUITests;
				PRODUCT_NAME = "$(TARGET_NAME)";
				SWIFT_EMIT_LOC_STRINGS = NO;
				SWIFT_VERSION = 5.0;
				TARGETED_DEVICE_FAMILY = "1,2";
				TEST_TARGET_NAME = LSLP;
			};
			name = Debug;
		};
		02220BF52B0A480200533A7F /* Release */ = {
			isa = XCBuildConfiguration;
			buildSettings = {
				ALWAYS_EMBED_SWIFT_STANDARD_LIBRARIES = YES;
				CODE_SIGN_STYLE = Automatic;
				CURRENT_PROJECT_VERSION = 1;
				DEVELOPMENT_TEAM = DBXHWJCYZK;
				GENERATE_INFOPLIST_FILE = YES;
				MARKETING_VERSION = 1.0;
				PRODUCT_BUNDLE_IDENTIFIER = com.lavender.sesac.LSLPUITests;
				PRODUCT_NAME = "$(TARGET_NAME)";
				SWIFT_EMIT_LOC_STRINGS = NO;
				SWIFT_VERSION = 5.0;
				TARGETED_DEVICE_FAMILY = "1,2";
				TEST_TARGET_NAME = LSLP;
			};
			name = Release;
		};
/* End XCBuildConfiguration section */

/* Begin XCConfigurationList section */
		02220BBE2B0A480100533A7F /* Build configuration list for PBXProject "LSLP" */ = {
			isa = XCConfigurationList;
			buildConfigurations = (
				02220BEB2B0A480200533A7F /* Debug */,
				02220BEC2B0A480200533A7F /* Release */,
			);
			defaultConfigurationIsVisible = 0;
			defaultConfigurationName = Release;
		};
		02220BED2B0A480200533A7F /* Build configuration list for PBXNativeTarget "LSLP" */ = {
			isa = XCConfigurationList;
			buildConfigurations = (
				02220BEE2B0A480200533A7F /* Debug */,
				02220BEF2B0A480200533A7F /* Release */,
			);
			defaultConfigurationIsVisible = 0;
			defaultConfigurationName = Release;
		};
		02220BF02B0A480200533A7F /* Build configuration list for PBXNativeTarget "LSLPTests" */ = {
			isa = XCConfigurationList;
			buildConfigurations = (
				02220BF12B0A480200533A7F /* Debug */,
				02220BF22B0A480200533A7F /* Release */,
			);
			defaultConfigurationIsVisible = 0;
			defaultConfigurationName = Release;
		};
		02220BF32B0A480200533A7F /* Build configuration list for PBXNativeTarget "LSLPUITests" */ = {
			isa = XCConfigurationList;
			buildConfigurations = (
				02220BF42B0A480200533A7F /* Debug */,
				02220BF52B0A480200533A7F /* Release */,
			);
			defaultConfigurationIsVisible = 0;
			defaultConfigurationName = Release;
		};
/* End XCConfigurationList section */

/* Begin XCRemoteSwiftPackageReference section */
		02220BF62B0A4A2F00533A7F /* XCRemoteSwiftPackageReference "Alamofire" */ = {
			isa = XCRemoteSwiftPackageReference;
			repositoryURL = "https://github.com/Alamofire/Alamofire.git";
			requirement = {
				kind = upToNextMajorVersion;
				minimumVersion = 5.8.1;
			};
		};
		02220BF92B0A4A4A00533A7F /* XCRemoteSwiftPackageReference "SnapKit" */ = {
			isa = XCRemoteSwiftPackageReference;
			repositoryURL = "https://github.com/SnapKit/SnapKit.git";
			requirement = {
				kind = upToNextMajorVersion;
				minimumVersion = 5.6.0;
			};
		};
		02220BFC2B0A4A9000533A7F /* XCRemoteSwiftPackageReference "RxSwift" */ = {
			isa = XCRemoteSwiftPackageReference;
			repositoryURL = "https://github.com/ReactiveX/RxSwift.git";
			requirement = {
				kind = upToNextMajorVersion;
				minimumVersion = 6.6.0;
			};
		};
		02220C032B0A4AAE00533A7F /* XCRemoteSwiftPackageReference "RxDataSources" */ = {
			isa = XCRemoteSwiftPackageReference;
			repositoryURL = "https://github.com/RxSwiftCommunity/RxDataSources.git";
			requirement = {
				kind = upToNextMajorVersion;
				minimumVersion = 5.0.2;
			};
		};
		02220C082B0A4AF700533A7F /* XCRemoteSwiftPackageReference "Kingfisher" */ = {
			isa = XCRemoteSwiftPackageReference;
			repositoryURL = "https://github.com/onevcat/Kingfisher.git";
			requirement = {
				kind = upToNextMajorVersion;
				minimumVersion = 7.10.0;
			};
		};
		02220C192B0A90CF00533A7F /* XCRemoteSwiftPackageReference "Moya" */ = {
			isa = XCRemoteSwiftPackageReference;
			repositoryURL = "https://github.com/Moya/Moya.git";
			requirement = {
				kind = upToNextMajorVersion;
				minimumVersion = 15.0.3;
			};
		};
/* End XCRemoteSwiftPackageReference section */

/* Begin XCSwiftPackageProductDependency section */
		02220BF72B0A4A2F00533A7F /* Alamofire */ = {
			isa = XCSwiftPackageProductDependency;
			package = 02220BF62B0A4A2F00533A7F /* XCRemoteSwiftPackageReference "Alamofire" */;
			productName = Alamofire;
		};
		02220BFA2B0A4A4A00533A7F /* SnapKit */ = {
			isa = XCSwiftPackageProductDependency;
			package = 02220BF92B0A4A4A00533A7F /* XCRemoteSwiftPackageReference "SnapKit" */;
			productName = SnapKit;
		};
		02220BFD2B0A4A9000533A7F /* RxCocoa */ = {
			isa = XCSwiftPackageProductDependency;
			package = 02220BFC2B0A4A9000533A7F /* XCRemoteSwiftPackageReference "RxSwift" */;
			productName = RxCocoa;
		};
		02220BFF2B0A4A9000533A7F /* RxRelay */ = {
			isa = XCSwiftPackageProductDependency;
			package = 02220BFC2B0A4A9000533A7F /* XCRemoteSwiftPackageReference "RxSwift" */;
			productName = RxRelay;
		};
		02220C012B0A4A9000533A7F /* RxSwift */ = {
			isa = XCSwiftPackageProductDependency;
			package = 02220BFC2B0A4A9000533A7F /* XCRemoteSwiftPackageReference "RxSwift" */;
			productName = RxSwift;
		};
		02220C042B0A4AAE00533A7F /* Differentiator */ = {
			isa = XCSwiftPackageProductDependency;
			package = 02220C032B0A4AAE00533A7F /* XCRemoteSwiftPackageReference "RxDataSources" */;
			productName = Differentiator;
		};
		02220C062B0A4AAE00533A7F /* RxDataSources */ = {
			isa = XCSwiftPackageProductDependency;
			package = 02220C032B0A4AAE00533A7F /* XCRemoteSwiftPackageReference "RxDataSources" */;
			productName = RxDataSources;
		};
		02220C092B0A4AF700533A7F /* Kingfisher */ = {
			isa = XCSwiftPackageProductDependency;
			package = 02220C082B0A4AF700533A7F /* XCRemoteSwiftPackageReference "Kingfisher" */;
			productName = Kingfisher;
		};
		02220C1A2B0A90CF00533A7F /* CombineMoya */ = {
			isa = XCSwiftPackageProductDependency;
			package = 02220C192B0A90CF00533A7F /* XCRemoteSwiftPackageReference "Moya" */;
			productName = CombineMoya;
		};
		02220C1C2B0A90CF00533A7F /* Moya */ = {
			isa = XCSwiftPackageProductDependency;
			package = 02220C192B0A90CF00533A7F /* XCRemoteSwiftPackageReference "Moya" */;
			productName = Moya;
		};
		02220C1E2B0A90CF00533A7F /* ReactiveMoya */ = {
			isa = XCSwiftPackageProductDependency;
			package = 02220C192B0A90CF00533A7F /* XCRemoteSwiftPackageReference "Moya" */;
			productName = ReactiveMoya;
		};
		02220C202B0A90CF00533A7F /* RxMoya */ = {
			isa = XCSwiftPackageProductDependency;
			package = 02220C192B0A90CF00533A7F /* XCRemoteSwiftPackageReference "Moya" */;
			productName = RxMoya;
		};
/* End XCSwiftPackageProductDependency section */
	};
	rootObject = 02220BBB2B0A480100533A7F /* Project object */;
}
